
Microsoft Visual Studio Solution File, Format Version 12.00
# Visual Studio Version 17
VisualStudioVersion = 17.8.34525.116
MinimumVisualStudioVersion = 10.0.40219.1
Project("{9A19103F-16F7-4668-BE54-9A1E7A4F7556}") = "BuberDinner.API", "BuberDinner.API\BuberDinner.API.csproj", "{FABCFAEC-F58B-42FE-B016-4A77811D8D0C}"
	ProjectSection(ProjectDependencies) = postProject
		{60324B14-83E9-4A44-81A4-D97ED9BC9E95} = {60324B14-83E9-4A44-81A4-D97ED9BC9E95}
	EndProjectSection
EndProject
Project("{9A19103F-16F7-4668-BE54-9A1E7A4F7556}") = "BuberDinner.Contracts", "BuberDinner.Contracts\BuberDinner.Contracts.csproj", "{95CE7797-A259-4ADE-AD86-525FCE5C9D45}"
EndProject
Project("{9A19103F-16F7-4668-BE54-9A1E7A4F7556}") = "BuberDinner.Infrastructure", "BuberDinner.Infrastructure\BuberDinner.Infrastructure.csproj", "{60324B14-83E9-4A44-81A4-D97ED9BC9E95}"
	ProjectSection(ProjectDependencies) = postProject
		{93C8716B-8646-431F-A950-C7C686966CD6} = {93C8716B-8646-431F-A950-C7C686966CD6}
	EndProjectSection
EndProject
Project("{9A19103F-16F7-4668-BE54-9A1E7A4F7556}") = "BuberDinner.Application", "BuberDinner.Application\BuberDinner.Application.csproj", "{93C8716B-8646-431F-A950-C7C686966CD6}"
	ProjectSection(ProjectDependencies) = postProject
		{51878CAA-D5C1-450B-96F9-FAFEB308BC7C} = {51878CAA-D5C1-450B-96F9-FAFEB308BC7C}
	EndProjectSection
EndProject
Project("{9A19103F-16F7-4668-BE54-9A1E7A4F7556}") = "BuberDinner.Domain", "BuberDinner.Domain\BuberDinner.Domain.csproj", "{51878CAA-D5C1-450B-96F9-FAFEB308BC7C}"
EndProject
Global
	GlobalSection(SolutionConfigurationPlatforms) = preSolution
		Debug|Any CPU = Debug|Any CPU
		Release|Any CPU = Release|Any CPU
	EndGlobalSection
	GlobalSection(ProjectConfigurationPlatforms) = postSolution
		{FABCFAEC-F58B-42FE-B016-4A77811D8D0C}.Debug|Any CPU.ActiveCfg = Debug|Any CPU
		{FABCFAEC-F58B-42FE-B016-4A77811D8D0C}.Debug|Any CPU.Build.0 = Debug|Any CPU
		{FABCFAEC-F58B-42FE-B016-4A77811D8D0C}.Release|Any CPU.ActiveCfg = Release|Any CPU
		{FABCFAEC-F58B-42FE-B016-4A77811D8D0C}.Release|Any CPU.Build.0 = Release|Any CPU
		{95CE7797-A259-4ADE-AD86-525FCE5C9D45}.Debug|Any CPU.ActiveCfg = Debug|Any CPU
		{95CE7797-A259-4ADE-AD86-525FCE5C9D45}.Debug|Any CPU.Build.0 = Debug|Any CPU
		{95CE7797-A259-4ADE-AD86-525FCE5C9D45}.Release|Any CPU.ActiveCfg = Release|Any CPU
		{95CE7797-A259-4ADE-AD86-525FCE5C9D45}.Release|Any CPU.Build.0 = Release|Any CPU
		{60324B14-83E9-4A44-81A4-D97ED9BC9E95}.Debug|Any CPU.ActiveCfg = Debug|Any CPU
		{60324B14-83E9-4A44-81A4-D97ED9BC9E95}.Debug|Any CPU.Build.0 = Debug|Any CPU
		{60324B14-83E9-4A44-81A4-D97ED9BC9E95}.Release|Any CPU.ActiveCfg = Release|Any CPU
		{60324B14-83E9-4A44-81A4-D97ED9BC9E95}.Release|Any CPU.Build.0 = Release|Any CPU
		{93C8716B-8646-431F-A950-C7C686966CD6}.Debug|Any CPU.ActiveCfg = Debug|Any CPU
		{93C8716B-8646-431F-A950-C7C686966CD6}.Debug|Any CPU.Build.0 = Debug|Any CPU
		{93C8716B-8646-431F-A950-C7C686966CD6}.Release|Any CPU.ActiveCfg = Release|Any CPU
		{93C8716B-8646-431F-A950-C7C686966CD6}.Release|Any CPU.Build.0 = Release|Any CPU
		{51878CAA-D5C1-450B-96F9-FAFEB308BC7C}.Debug|Any CPU.ActiveCfg = Debug|Any CPU
		{51878CAA-D5C1-450B-96F9-FAFEB308BC7C}.Debug|Any CPU.Build.0 = Debug|Any CPU
		{51878CAA-D5C1-450B-96F9-FAFEB308BC7C}.Release|Any CPU.ActiveCfg = Release|Any CPU
		{51878CAA-D5C1-450B-96F9-FAFEB308BC7C}.Release|Any CPU.Build.0 = Release|Any CPU
	EndGlobalSection
	GlobalSection(SolutionProperties) = preSolution
		HideSolutionNode = FALSE
	EndGlobalSection
	GlobalSection(ExtensibilityGlobals) = postSolution
		SolutionGuid = {92834558-EC86-4184-A659-58BCD7CB6A5D}
	EndGlobalSection
EndGlobal
